// !$*UTF8*$!
{
	archiveVersion = 1;
	classes = {
	};
	objectVersion = 56;
	objects = {

/* Begin PBXBuildFile section */
		2875F0CA29AD418900E7E658 /* SecondVC.swift in Sources */ = {isa = PBXBuildFile; fileRef = 2875F0C829AD418900E7E658 /* SecondVC.swift */; };
		2875F0CB29AD418900E7E658 /* SecondVC.xib in Resources */ = {isa = PBXBuildFile; fileRef = 2875F0C929AD418900E7E658 /* SecondVC.xib */; };
		2875F0CE29AD420200E7E658 /* ThirdTableViewCell.swift in Sources */ = {isa = PBXBuildFile; fileRef = 2875F0CC29AD420200E7E658 /* ThirdTableViewCell.swift */; };
		2875F0CF29AD420200E7E658 /* ThirdTableViewCell.xib in Resources */ = {isa = PBXBuildFile; fileRef = 2875F0CD29AD420200E7E658 /* ThirdTableViewCell.xib */; };
		2875F0D229AD422200E7E658 /* FifthVC.swift in Sources */ = {isa = PBXBuildFile; fileRef = 2875F0D029AD422200E7E658 /* FifthVC.swift */; };
		2875F0D329AD422200E7E658 /* FifthVC.xib in Resources */ = {isa = PBXBuildFile; fileRef = 2875F0D129AD422200E7E658 /* FifthVC.xib */; };
		2875F0DA29AE095C00E7E658 /* FourthVC.swift in Sources */ = {isa = PBXBuildFile; fileRef = 2875F0D829AE095C00E7E658 /* FourthVC.swift */; };
		2875F0DB29AE095C00E7E658 /* FourthVC.xib in Resources */ = {isa = PBXBuildFile; fileRef = 2875F0D929AE095C00E7E658 /* FourthVC.xib */; };
		2875F15229AE5C8D00E7E658 /* 65ytViewController.swift in Sources */ = {isa = PBXBuildFile; fileRef = 2875F15029AE5C8D00E7E658 /* 65ytViewController.swift */; };
		2875F15329AE5C8D00E7E658 /* 65ytViewController.xib in Resources */ = {isa = PBXBuildFile; fileRef = 2875F15129AE5C8D00E7E658 /* 65ytViewController.xib */; };
		28F0F93329AA51B500377130 /* AppDelegate.swift in Sources */ = {isa = PBXBuildFile; fileRef = 28F0F93229AA51B500377130 /* AppDelegate.swift */; };
		28F0F93529AA51B500377130 /* SceneDelegate.swift in Sources */ = {isa = PBXBuildFile; fileRef = 28F0F93429AA51B500377130 /* SceneDelegate.swift */; };
		28F0F93729AA51B500377130 /* ViewController.swift in Sources */ = {isa = PBXBuildFile; fileRef = 28F0F93629AA51B500377130 /* ViewController.swift */; };
		28F0F93A29AA51B500377130 /* Main.storyboard in Resources */ = {isa = PBXBuildFile; fileRef = 28F0F93829AA51B500377130 /* Main.storyboard */; };
		28F0F93C29AA51B700377130 /* Assets.xcassets in Resources */ = {isa = PBXBuildFile; fileRef = 28F0F93B29AA51B700377130 /* Assets.xcassets */; };
		28F0F93F29AA51B700377130 /* LaunchScreen.storyboard in Resources */ = {isa = PBXBuildFile; fileRef = 28F0F93D29AA51B700377130 /* LaunchScreen.storyboard */; };
/* End PBXBuildFile section */

/* Begin PBXFileReference section */
		2875F0C829AD418900E7E658 /* SecondVC.swift */ = {isa = PBXFileReference; lastKnownFileType = sourcecode.swift; path = SecondVC.swift; sourceTree = "<group>"; };
		2875F0C929AD418900E7E658 /* SecondVC.xib */ = {isa = PBXFileReference; lastKnownFileType = file.xib; path = SecondVC.xib; sourceTree = "<group>"; };
		2875F0CC29AD420200E7E658 /* ThirdTableViewCell.swift */ = {isa = PBXFileReference; lastKnownFileType = sourcecode.swift; path = ThirdTableViewCell.swift; sourceTree = "<group>"; };
		2875F0CD29AD420200E7E658 /* ThirdTableViewCell.xib */ = {isa = PBXFileReference; lastKnownFileType = file.xib; path = ThirdTableViewCell.xib; sourceTree = "<group>"; };
		2875F0D029AD422200E7E658 /* FifthVC.swift */ = {isa = PBXFileReference; lastKnownFileType = sourcecode.swift; path = FifthVC.swift; sourceTree = "<group>"; };
		2875F0D129AD422200E7E658 /* FifthVC.xib */ = {isa = PBXFileReference; lastKnownFileType = file.xib; path = FifthVC.xib; sourceTree = "<group>"; };
		2875F0D829AE095C00E7E658 /* FourthVC.swift */ = {isa = PBXFileReference; lastKnownFileType = sourcecode.swift; path = FourthVC.swift; sourceTree = "<group>"; };
		2875F0D929AE095C00E7E658 /* FourthVC.xib */ = {isa = PBXFileReference; lastKnownFileType = file.xib; path = FourthVC.xib; sourceTree = "<group>"; };
		2875F15029AE5C8D00E7E658 /* 65ytViewController.swift */ = {isa = PBXFileReference; lastKnownFileType = sourcecode.swift; path = 65ytViewController.swift; sourceTree = "<group>"; };
		2875F15129AE5C8D00E7E658 /* 65ytViewController.xib */ = {isa = PBXFileReference; lastKnownFileType = file.xib; path = 65ytViewController.xib; sourceTree = "<group>"; };
		28F0F92F29AA51B500377130 /* DZ3_3M.app */ = {isa = PBXFileReference; explicitFileType = wrapper.application; includeInIndex = 0; path = DZ3_3M.app; sourceTree = BUILT_PRODUCTS_DIR; };
		28F0F93229AA51B500377130 /* AppDelegate.swift */ = {isa = PBXFileReference; lastKnownFileType = sourcecode.swift; path = AppDelegate.swift; sourceTree = "<group>"; };
		28F0F93429AA51B500377130 /* SceneDelegate.swift */ = {isa = PBXFileReference; lastKnownFileType = sourcecode.swift; path = SceneDelegate.swift; sourceTree = "<group>"; };
		28F0F93629AA51B500377130 /* ViewController.swift */ = {isa = PBXFileReference; lastKnownFileType = sourcecode.swift; path = ViewController.swift; sourceTree = "<group>"; };
		28F0F93929AA51B500377130 /* Base */ = {isa = PBXFileReference; lastKnownFileType = file.storyboard; name = Base; path = Base.lproj/Main.storyboard; sourceTree = "<group>"; };
		28F0F93B29AA51B700377130 /* Assets.xcassets */ = {isa = PBXFileReference; lastKnownFileType = folder.assetcatalog; path = Assets.xcassets; sourceTree = "<group>"; };
		28F0F93E29AA51B700377130 /* Base */ = {isa = PBXFileReference; lastKnownFileType = file.storyboard; name = Base; path = Base.lproj/LaunchScreen.storyboard; sourceTree = "<group>"; };
		28F0F94029AA51B700377130 /* Info.plist */ = {isa = PBXFileReference; lastKnownFileType = text.plist.xml; path = Info.plist; sourceTree = "<group>"; };
/* End PBXFileReference section */

/* Begin PBXFrameworksBuildPhase section */
		28F0F92C29AA51B500377130 /* Frameworks */ = {
			isa = PBXFrameworksBuildPhase;
			buildActionMask = 2147483647;
			files = (
			);
			runOnlyForDeploymentPostprocessing = 0;
		};
/* End PBXFrameworksBuildPhase section */

/* Begin PBXGroup section */
		2875F0C529AD40AD00E7E658 /* Views */ = {
			isa = PBXGroup;
			children = (
				2875F0C829AD418900E7E658 /* SecondVC.swift */,
				2875F0C929AD418900E7E658 /* SecondVC.xib */,
				2875F0CC29AD420200E7E658 /* ThirdTableViewCell.swift */,
				2875F0CD29AD420200E7E658 /* ThirdTableViewCell.xib */,
				2875F0D029AD422200E7E658 /* FifthVC.swift */,
				2875F0D129AD422200E7E658 /* FifthVC.xib */,
				2875F0D829AE095C00E7E658 /* FourthVC.swift */,
				2875F0D929AE095C00E7E658 /* FourthVC.xib */,
				2875F15029AE5C8D00E7E658 /* 65ytViewController.swift */,
				2875F15129AE5C8D00E7E658 /* 65ytViewController.xib */,
			);
			path = Views;
			sourceTree = "<group>";
		};
		28F0F92629AA51B500377130 = {
			isa = PBXGroup;
			children = (
				28F0F93129AA51B500377130 /* DZ3_3M */,
				28F0F93029AA51B500377130 /* Products */,
			);
			sourceTree = "<group>";
		};
		28F0F93029AA51B500377130 /* Products */ = {
			isa = PBXGroup;
			children = (
				28F0F92F29AA51B500377130 /* DZ3_3M.app */,
			);
			name = Products;
			sourceTree = "<group>";
		};
		28F0F93129AA51B500377130 /* DZ3_3M */ = {
			isa = PBXGroup;
			children = (
				2875F0C529AD40AD00E7E658 /* Views */,
				28F0F93229AA51B500377130 /* AppDelegate.swift */,
				28F0F93429AA51B500377130 /* SceneDelegate.swift */,
				28F0F93629AA51B500377130 /* ViewController.swift */,
				28F0F93829AA51B500377130 /* Main.storyboard */,
				28F0F93B29AA51B700377130 /* Assets.xcassets */,
				28F0F93D29AA51B700377130 /* LaunchScreen.storyboard */,
				28F0F94029AA51B700377130 /* Info.plist */,
			);
			path = DZ3_3M;
			sourceTree = "<group>";
		};
/* End PBXGroup section */

/* Begin PBXNativeTarget section */
		28F0F92E29AA51B500377130 /* DZ3_3M */ = {
			isa = PBXNativeTarget;
			buildConfigurationList = 28F0F94329AA51B700377130 /* Build configuration list for PBXNativeTarget "DZ3_3M" */;
			buildPhases = (
				28F0F92B29AA51B500377130 /* Sources */,
				28F0F92C29AA51B500377130 /* Frameworks */,
				28F0F92D29AA51B500377130 /* Resources */,
			);
			buildRules = (
			);
			dependencies = (
			);
			name = DZ3_3M;
			productName = DZ3_3M;
			productReference = 28F0F92F29AA51B500377130 /* DZ3_3M.app */;
			productType = "com.apple.product-type.application";
		};
/* End PBXNativeTarget section */

/* Begin PBXProject section */
		28F0F92729AA51B500377130 /* Project object */ = {
			isa = PBXProject;
			attributes = {
				BuildIndependentTargetsInParallel = 1;
				LastSwiftUpdateCheck = 1420;
				LastUpgradeCheck = 1420;
				TargetAttributes = {
					28F0F92E29AA51B500377130 = {
						CreatedOnToolsVersion = 14.2;
					};
				};
			};
			buildConfigurationList = 28F0F92A29AA51B500377130 /* Build configuration list for PBXProject "DZ3_3M" */;
			compatibilityVersion = "Xcode 14.0";
			developmentRegion = en;
			hasScannedForEncodings = 0;
			knownRegions = (
				en,
				Base,
			);
			mainGroup = 28F0F92629AA51B500377130;
			productRefGroup = 28F0F93029AA51B500377130 /* Products */;
			projectDirPath = "";
			projectRoot = "";
			targets = (
				28F0F92E29AA51B500377130 /* DZ3_3M */,
			);
		};
/* End PBXProject section */

/* Begin PBXResourcesBuildPhase section */
		28F0F92D29AA51B500377130 /* Resources */ = {
			isa = PBXResourcesBuildPhase;
			buildActionMask = 2147483647;
			files = (
				2875F0DB29AE095C00E7E658 /* FourthVC.xib in Resources */,
				2875F0CB29AD418900E7E658 /* SecondVC.xib in Resources */,
				28F0F93F29AA51B700377130 /* LaunchScreen.storyboard in Resources */,
				28F0F93C29AA51B700377130 /* Assets.xcassets in Resources */,
				2875F0D329AD422200E7E658 /* FifthVC.xib in Resources */,
				28F0F93A29AA51B500377130 /* Main.storyboard in Resources */,
				2875F15329AE5C8D00E7E658 /* 65ytViewController.xib in Resources */,
				2875F0CF29AD420200E7E658 /* ThirdTableViewCell.xib in Resources */,
			);
			runOnlyForDeploymentPostprocessing = 0;
		};
/* End PBXResourcesBuildPhase section */

/* Begin PBXSourcesBuildPhase section */
		28F0F92B29AA51B500377130 /* Sources */ = {
			isa = PBXSourcesBuildPhase;
			buildActionMask = 2147483647;
			files = (
				28F0F93729AA51B500377130 /* ViewController.swift in Sources */,
				2875F0CA29AD418900E7E658 /* SecondVC.swift in Sources */,
				2875F15229AE5C8D00E7E658 /* 65ytViewController.swift in Sources */,
				2875F0D229AD422200E7E658 /* FifthVC.swift in Sources */,
				28F0F93329AA51B500377130 /* AppDelegate.swift in Sources */,
				28F0F93529AA51B500377130 /* SceneDelegate.swift in Sources */,
				2875F0DA29AE095C00E7E658 /* FourthVC.swift in Sources */,
				2875F0CE29AD420200E7E658 /* ThirdTableViewCell.swift in Sources */,
			);
			runOnlyForDeploymentPostprocessing = 0;
		};
/* End PBXSourcesBuildPhase section */

/* Begin PBXVariantGroup section */
		28F0F93829AA51B500377130 /* Main.storyboard */ = {
			isa = PBXVariantGroup;
			children = (
				28F0F93929AA51B500377130 /* Base */,
			);
			name = Main.storyboard;
			sourceTree = "<group>";
		};
		28F0F93D29AA51B700377130 /* LaunchScreen.storyboard */ = {
			isa = PBXVariantGroup;
			children = (
				28F0F93E29AA51B700377130 /* Base */,
			);
			name = LaunchScreen.storyboard;
			sourceTree = "<group>";
		};
/* End PBXVariantGroup section */

/* Begin XCBuildConfiguration section */
		28F0F94129AA51B700377130 /* Debug */ = {
			isa = XCBuildConfiguration;
			buildSettings = {
				ALWAYS_SEARCH_USER_PATHS = NO;
				CLANG_ANALYZER_NONNULL = YES;
				CLANG_ANALYZER_NUMBER_OBJECT_CONVERSION = YES_AGGRESSIVE;
				CLANG_CXX_LANGUAGE_STANDARD = "gnu++20";
				CLANG_ENABLE_MODULES = YES;
				CLANG_ENABLE_OBJC_ARC = YES;
				CLANG_ENABLE_OBJC_WEAK = YES;
				CLANG_WARN_BLOCK_CAPTURE_AUTORELEASING = YES;
				CLANG_WARN_BOOL_CONVERSION = YES;
				CLANG_WARN_COMMA = YES;
				CLANG_WARN_CONSTANT_CONVERSION = YES;
				CLANG_WARN_DEPRECATED_OBJC_IMPLEMENTATIONS = YES;
				CLANG_WARN_DIRECT_OBJC_ISA_USAGE = YES_ERROR;
				CLANG_WARN_DOCUMENTATION_COMMENTS = YES;
				CLANG_WARN_EMPTY_BODY = YES;
				CLANG_WARN_ENUM_CONVERSION = YES;
				CLANG_WARN_INFINITE_RECURSION = YES;
				CLANG_WARN_INT_CONVERSION = YES;
				CLANG_WARN_NON_LITERAL_NULL_CONVERSION = YES;
				CLANG_WARN_OBJC_IMPLICIT_RETAIN_SELF = YES;
				CLANG_WARN_OBJC_LITERAL_CONVERSION = YES;
				CLANG_WARN_OBJC_ROOT_CLASS = YES_ERROR;
				CLANG_WARN_QUOTED_INCLUDE_IN_FRAMEWORK_HEADER = YES;
				CLANG_WARN_RANGE_LOOP_ANALYSIS = YES;
				CLANG_WARN_STRICT_PROTOTYPES = YES;
				CLANG_WARN_SUSPICIOUS_MOVE = YES;
				CLANG_WARN_UNGUARDED_AVAILABILITY = YES_AGGRESSIVE;
				CLANG_WARN_UNREACHABLE_CODE = YES;
				CLANG_WARN__DUPLICATE_METHOD_MATCH = YES;
				COPY_PHASE_STRIP = NO;
				DEBUG_INFORMATION_FORMAT = dwarf;
				ENABLE_STRICT_OBJC_MSGSEND = YES;
				ENABLE_TESTABILITY = YES;
				GCC_C_LANGUAGE_STANDARD = gnu11;
				GCC_DYNAMIC_NO_PIC = NO;
				GCC_NO_COMMON_BLOCKS = YES;
				GCC_OPTIMIZATION_LEVEL = 0;
				GCC_PREPROCESSOR_DEFINITIONS = (
					"DEBUG=1",
					"$(inherited)",
				);
				GCC_WARN_64_TO_32_BIT_CONVERSION = YES;
				GCC_WARN_ABOUT_RETURN_TYPE = YES_ERROR;
				GCC_WARN_UNDECLARED_SELECTOR = YES;
				GCC_WARN_UNINITIALIZED_AUTOS = YES_AGGRESSIVE;
				GCC_WARN_UNUSED_FUNCTION = YES;
				GCC_WARN_UNUSED_VARIABLE = YES;
				IPHONEOS_DEPLOYMENT_TARGET = 16.2;
				MTL_ENABLE_DEBUG_INFO = INCLUDE_SOURCE;
				MTL_FAST_MATH = YES;
				ONLY_ACTIVE_ARCH = YES;
				SDKROOT = iphoneos;
				SWIFT_ACTIVE_COMPILATION_CONDITIONS = DEBUG;
				SWIFT_OPTIMIZATION_LEVEL = "-Onone";
			};
			name = Debug;
		};
		28F0F94229AA51B700377130 /* Release */ = {
			isa = XCBuildConfiguration;
			buildSettings = {
				ALWAYS_SEARCH_USER_PATHS = NO;
				CLANG_ANALYZER_NONNULL = YES;
				CLANG_ANALYZER_NUMBER_OBJECT_CONVERSION = YES_AGGRESSIVE;
				CLANG_CXX_LANGUAGE_STANDARD = "gnu++20";
				CLANG_ENABLE_MODULES = YES;
				CLANG_ENABLE_OBJC_ARC = YES;
				CLANG_ENABLE_OBJC_WEAK = YES;
				CLANG_WARN_BLOCK_CAPTURE_AUTORELEASING = YES;
				CLANG_WARN_BOOL_CONVERSION = YES;
				CLANG_WARN_COMMA = YES;
				CLANG_WARN_CONSTANT_CONVERSION = YES;
				CLANG_WARN_DEPRECATED_OBJC_IMPLEMENTATIONS = YES;
				CLANG_WARN_DIRECT_OBJC_ISA_USAGE = YES_ERROR;
				CLANG_WARN_DOCUMENTATION_COMMENTS = YES;
				CLANG_WARN_EMPTY_BODY = YES;
				CLANG_WARN_ENUM_CONVERSION = YES;
				CLANG_WARN_INFINITE_RECURSION = YES;
				CLANG_WARN_INT_CONVERSION = YES;
				CLANG_WARN_NON_LITERAL_NULL_CONVERSION = YES;
				CLANG_WARN_OBJC_IMPLICIT_RETAIN_SELF = YES;
				CLANG_WARN_OBJC_LITERAL_CONVERSION = YES;
				CLANG_WARN_OBJC_ROOT_CLASS = YES_ERROR;
				CLANG_WARN_QUOTED_INCLUDE_IN_FRAMEWORK_HEADER = YES;
				CLANG_WARN_RANGE_LOOP_ANALYSIS = YES;
				CLANG_WARN_STRICT_PROTOTYPES = YES;
				CLANG_WARN_SUSPICIOUS_MOVE = YES;
				CLANG_WARN_UNGUARDED_AVAILABILITY = YES_AGGRESSIVE;
				CLANG_WARN_UNREACHABLE_CODE = YES;
				CLANG_WARN__DUPLICATE_METHOD_MATCH = YES;
				COPY_PHASE_STRIP = NO;
				DEBUG_INFORMATION_FORMAT = "dwarf-with-dsym";
				ENABLE_NS_ASSERTIONS = NO;
				ENABLE_STRICT_OBJC_MSGSEND = YES;
				GCC_C_LANGUAGE_STANDARD = gnu11;
				GCC_NO_COMMON_BLOCKS = YES;
				GCC_WARN_64_TO_32_BIT_CONVERSION = YES;
				GCC_WARN_ABOUT_RETURN_TYPE = YES_ERROR;
				GCC_WARN_UNDECLARED_SELECTOR = YES;
				GCC_WARN_UNINITIALIZED_AUTOS = YES_AGGRESSIVE;
				GCC_WARN_UNUSED_FUNCTION = YES;
				GCC_WARN_UNUSED_VARIABLE = YES;
				IPHONEOS_DEPLOYMENT_TARGET = 16.2;
				MTL_ENABLE_DEBUG_INFO = NO;
				MTL_FAST_MATH = YES;
				SDKROOT = iphoneos;
				SWIFT_COMPILATION_MODE = wholemodule;
				SWIFT_OPTIMIZATION_LEVEL = "-O";
				VALIDATE_PRODUCT = YES;
			};
			name = Release;
		};
		28F0F94429AA51B700377130 /* Debug */ = {
			isa = XCBuildConfiguration;
			buildSettings = {
				ASSETCATALOG_COMPILER_APPICON_NAME = AppIcon;
				ASSETCATALOG_COMPILER_GLOBAL_ACCENT_COLOR_NAME = AccentColor;
				CODE_SIGN_STYLE = Automatic;
				CURRENT_PROJECT_VERSION = 1;
				DEVELOPMENT_TEAM = 7TGA44R678;
				GENERATE_INFOPLIST_FILE = YES;
				INFOPLIST_FILE = DZ3_3M/Info.plist;
				INFOPLIST_KEY_UIApplicationSupportsIndirectInputEvents = YES;
				INFOPLIST_KEY_UILaunchStoryboardName = LaunchScreen;
				INFOPLIST_KEY_UIMainStoryboardFile = Main;
				INFOPLIST_KEY_UISupportedInterfaceOrientations_iPad = "UIInterfaceOrientationPortrait UIInterfaceOrientationPortraitUpsideDown UIInterfaceOrientationLandscapeLeft UIInterfaceOrientationLandscapeRight";
				INFOPLIST_KEY_UISupportedInterfaceOrientations_iPhone = "UIInterfaceOrientationPortrait UIInterfaceOrientationLandscapeLeft UIInterfaceOrientationLandscapeRight";
				LD_RUNPATH_SEARCH_PATHS = (
					"$(inherited)",
					"@executable_path/Frameworks",
				);
				MARKETING_VERSION = 1.0;
				PRODUCT_BUNDLE_IDENTIFIER = "Geeks.DZ3-3M";
				PRODUCT_NAME = "$(TARGET_NAME)";
				SWIFT_EMIT_LOC_STRINGS = YES;
				SWIFT_VERSION = 5.0;
				TARGETED_DEVICE_FAMILY = "1,2";
			};
			name = Debug;
		};
		28F0F94529AA51B700377130 /* Release */ = {
			isa = XCBuildConfiguration;
			buildSettings = {
				ASSETCATALOG_COMPILER_APPICON_NAME = AppIcon;
				ASSETCATALOG_COMPILER_GLOBAL_ACCENT_COLOR_NAME = AccentColor;
				CODE_SIGN_STYLE = Automatic;
				CURRENT_PROJECT_VERSION = 1;
				DEVELOPMENT_TEAM = 7TGA44R678;
				GENERATE_INFOPLIST_FILE = YES;
				INFOPLIST_FILE = DZ3_3M/Info.plist;
				INFOPLIST_KEY_UIApplicationSupportsIndirectInputEvents = YES;
				INFOPLIST_KEY_UILaunchStoryboardName = LaunchScreen;
				INFOPLIST_KEY_UIMainStoryboardFile = Main;
				INFOPLIST_KEY_UISupportedInterfaceOrientations_iPad = "UIInterfaceOrientationPortrait UIInterfaceOrientationPortraitUpsideDown UIInterfaceOrientationLandscapeLeft UIInterfaceOrientationLandscapeRight";
				INFOPLIST_KEY_UISupportedInterfaceOrientations_iPhone = "UIInterfaceOrientationPortrait UIInterfaceOrientationLandscapeLeft UIInterfaceOrientationLandscapeRight";
				LD_RUNPATH_SEARCH_PATHS = (
					"$(inherited)",
					"@executable_path/Frameworks",
				);
				MARKETING_VERSION = 1.0;
				PRODUCT_BUNDLE_IDENTIFIER = "Geeks.DZ3-3M";
				PRODUCT_NAME = "$(TARGET_NAME)";
				SWIFT_EMIT_LOC_STRINGS = YES;
				SWIFT_VERSION = 5.0;
				TARGETED_DEVICE_FAMILY = "1,2";
			};
			name = Release;
		};
/* End XCBuildConfiguration section */

/* Begin XCConfigurationList section */
		28F0F92A29AA51B500377130 /* Build configuration list for PBXProject "DZ3_3M" */ = {
			isa = XCConfigurationList;
			buildConfigurations = (
				28F0F94129AA51B700377130 /* Debug */,
				28F0F94229AA51B700377130 /* Release */,
			);
			defaultConfigurationIsVisible = 0;
			defaultConfigurationName = Release;
		};
		28F0F94329AA51B700377130 /* Build configuration list for PBXNativeTarget "DZ3_3M" */ = {
			isa = XCConfigurationList;
			buildConfigurations = (
				28F0F94429AA51B700377130 /* Debug */,
				28F0F94529AA51B700377130 /* Release */,
			);
			defaultConfigurationIsVisible = 0;
			defaultConfigurationName = Release;
		};
/* End XCConfigurationList section */
	};
	rootObject = 28F0F92729AA51B500377130 /* Project object */;
}
